# This file is autogenerated, do not edit; changes may be undone by the next 'dep ensure'.


[[projects]]
  branch = "master"
  name = "github.com/czerwonk/ovirt_api"
  packages = ["api"]
  revision = "98213d381724a4cb7e722a4f5f8b111c8173293c"

[solve-meta]
  analyzer-name = "dep"
  analyzer-version = 1
  inputs-digest = "8204a133b2e42a5eeda729583dc569b166cfcf5bcba89404ab634de59c2b364e"
  solver-name = "gps-cdcl"
  solver-version = 1
