# This file is autogenerated, do not edit; changes may be undone by the next 'dep ensure'.


[[projects]]
  branch = "master"
  name = "github.com/czerwonk/ovirt_api"
  packages = ["."]
  revision = "4c4bc79147ab75a2317e3f8260f372c840e881a1"

[solve-meta]
  analyzer-name = "dep"
  analyzer-version = 1
  inputs-digest = "372b36e47bda2044ddac9a0e5cddd3381a062a847d29291644ebcd44b0ed94bd"
  solver-name = "gps-cdcl"
  solver-version = 1
